
Microsoft Visual Studio Solution File, Format Version 12.00
# Visual Studio Version 18
VisualStudioVersion = 18.4.11626.88
MinimumVisualStudioVersion = 10.0.40219.1
Project("{FAE04EC0-301F-11D3-BF4B-00C04F79EFBC}") = "CodeCareer", "CodeCareer\CodeCareer.csproj", "{71AAD017-4A36-41B7-97C2-E6E14276D9A3}"
EndProject
Project("{FAE04EC0-301F-11D3-BF4B-00C04F79EFBC}") = "CodeCareer.Tests", "CodeCareer.Tests\CodeCareer.Tests.csproj", "{BC6B0748-E240-4C53-9A37-00FE195F090A}"
EndProject
Project("{FAE04EC0-301F-11D3-BF4B-00C04F79EFBC}") = "CodeCareer.AiChat", "CodeCareer.AiChat\CodeCareer.AiChat.csproj", "{1358666A-835E-4F47-AE91-A2715616B777}"
EndProject
Global
	GlobalSection(SolutionConfigurationPlatforms) = preSolution
		Debug|Any CPU = Debug|Any CPU
		Debug|x64 = Debug|x64
		Debug|x86 = Debug|x86
		Release|Any CPU = Release|Any CPU
		Release|x64 = Release|x64
		Release|x86 = Release|x86
	EndGlobalSection
	GlobalSection(ProjectConfigurationPlatforms) = postSolution
		{71AAD017-4A36-41B7-97C2-E6E14276D9A3}.Debug|Any CPU.ActiveCfg = Debug|Any CPU
		{71AAD017-4A36-41B7-97C2-E6E14276D9A3}.Debug|Any CPU.Build.0 = Debug|Any CPU
		{71AAD017-4A36-41B7-97C2-E6E14276D9A3}.Debug|x64.ActiveCfg = Debug|Any CPU
		{71AAD017-4A36-41B7-97C2-E6E14276D9A3}.Debug|x64.Build.0 = Debug|Any CPU
		{71AAD017-4A36-41B7-97C2-E6E14276D9A3}.Debug|x86.ActiveCfg = Debug|Any CPU
		{71AAD017-4A36-41B7-97C2-E6E14276D9A3}.Debug|x86.Build.0 = Debug|Any CPU
		{71AAD017-4A36-41B7-97C2-E6E14276D9A3}.Release|Any CPU.ActiveCfg = Release|Any CPU
		{71AAD017-4A36-41B7-97C2-E6E14276D9A3}.Release|Any CPU.Build.0 = Release|Any CPU
		{71AAD017-4A36-41B7-97C2-E6E14276D9A3}.Release|x64.ActiveCfg = Release|Any CPU
		{71AAD017-4A36-41B7-97C2-E6E14276D9A3}.Release|x64.Build.0 = Release|Any CPU
		{71AAD017-4A36-41B7-97C2-E6E14276D9A3}.Release|x86.ActiveCfg = Release|Any CPU
		{71AAD017-4A36-41B7-97C2-E6E14276D9A3}.Release|x86.Build.0 = Release|Any CPU
		{BC6B0748-E240-4C53-9A37-00FE195F090A}.Debug|Any CPU.ActiveCfg = Debug|Any CPU
		{BC6B0748-E240-4C53-9A37-00FE195F090A}.Debug|Any CPU.Build.0 = Debug|Any CPU
		{BC6B0748-E240-4C53-9A37-00FE195F090A}.Debug|x64.ActiveCfg = Debug|Any CPU
		{BC6B0748-E240-4C53-9A37-00FE195F090A}.Debug|x64.Build.0 = Debug|Any CPU
		{BC6B0748-E240-4C53-9A37-00FE195F090A}.Debug|x86.ActiveCfg = Debug|Any CPU
		{BC6B0748-E240-4C53-9A37-00FE195F090A}.Debug|x86.Build.0 = Debug|Any CPU
		{BC6B0748-E240-4C53-9A37-00FE195F090A}.Release|Any CPU.ActiveCfg = Release|Any CPU
		{BC6B0748-E240-4C53-9A37-00FE195F090A}.Release|Any CPU.Build.0 = Release|Any CPU
		{BC6B0748-E240-4C53-9A37-00FE195F090A}.Release|x64.ActiveCfg = Release|Any CPU
		{BC6B0748-E240-4C53-9A37-00FE195F090A}.Release|x64.Build.0 = Release|Any CPU
		{BC6B0748-E240-4C53-9A37-00FE195F090A}.Release|x86.ActiveCfg = Release|Any CPU
		{BC6B0748-E240-4C53-9A37-00FE195F090A}.Release|x86.Build.0 = Release|Any CPU
		{1358666A-835E-4F47-AE91-A2715616B777}.Debug|Any CPU.ActiveCfg = Debug|Any CPU
		{1358666A-835E-4F47-AE91-A2715616B777}.Debug|Any CPU.Build.0 = Debug|Any CPU
		{1358666A-835E-4F47-AE91-A2715616B777}.Debug|x64.ActiveCfg = Debug|Any CPU
		{1358666A-835E-4F47-AE91-A2715616B777}.Debug|x64.Build.0 = Debug|Any CPU
		{1358666A-835E-4F47-AE91-A2715616B777}.Debug|x86.ActiveCfg = Debug|Any CPU
		{1358666A-835E-4F47-AE91-A2715616B777}.Debug|x86.Build.0 = Debug|Any CPU
		{1358666A-835E-4F47-AE91-A2715616B777}.Release|Any CPU.ActiveCfg = Release|Any CPU
		{1358666A-835E-4F47-AE91-A2715616B777}.Release|Any CPU.Build.0 = Release|Any CPU
		{1358666A-835E-4F47-AE91-A2715616B777}.Release|x64.ActiveCfg = Release|Any CPU
		{1358666A-835E-4F47-AE91-A2715616B777}.Release|x64.Build.0 = Release|Any CPU
		{1358666A-835E-4F47-AE91-A2715616B777}.Release|x86.ActiveCfg = Release|Any CPU
		{1358666A-835E-4F47-AE91-A2715616B777}.Release|x86.Build.0 = Release|Any CPU
	EndGlobalSection
	GlobalSection(SolutionProperties) = preSolution
		HideSolutionNode = FALSE
	EndGlobalSection
	GlobalSection(ExtensibilityGlobals) = postSolution
		SolutionGuid = {A49F0319-82E7-477B-A0B4-53EDF5DF0ED6}
	EndGlobalSection
EndGlobal
